
Microsoft Visual Studio Solution File, Format Version 12.00
# Visual Studio 15
VisualStudioVersion = 15.0.28307.645
MinimumVisualStudioVersion = 10.0.40219.1
Project("{9A19103F-16F7-4668-BE54-9A1E7A4F7556}") = "MefContrib", "MefContrib.csproj", "{32DD51C5-964B-46E5-9FCB-E5A06C765D64}"
EndProject
Global
	GlobalSection(SolutionConfigurationPlatforms) = preSolution
		Debug|Any CPU = Debug|Any CPU
		Release|Any CPU = Release|Any CPU
	EndGlobalSection
	GlobalSection(ProjectConfigurationPlatforms) = postSolution
		{32DD51C5-964B-46E5-9FCB-E5A06C765D64}.Debug|Any CPU.ActiveCfg = Debug|Any CPU
		{32DD51C5-964B-46E5-9FCB-E5A06C765D64}.Debug|Any CPU.Build.0 = Debug|Any CPU
		{32DD51C5-964B-46E5-9FCB-E5A06C765D64}.Release|Any CPU.ActiveCfg = Release|Any CPU
		{32DD51C5-964B-46E5-9FCB-E5A06C765D64}.Release|Any CPU.Build.0 = Release|Any CPU
	EndGlobalSection
	GlobalSection(SolutionProperties) = preSolution
		HideSolutionNode = FALSE
	EndGlobalSection
	GlobalSection(ExtensibilityGlobals) = postSolution
		SolutionGuid = {74505F62-B0CF-40C2-84E0-1758134F7990}
	EndGlobalSection
EndGlobal
